
Microsoft Visual Studio Solution File, Format Version 12.00
# Visual Studio Version 17
VisualStudioVersion = 17.7.34031.279
MinimumVisualStudioVersion = 10.0.40219.1
Project("{9A19103F-16F7-4668-BE54-9A1E7A4F7556}") = "SharpChat.Tests", "SharpChat.Tests\SharpChat.Tests.csproj", "{50F0D404-9C21-4B9A-B173-E3440E364544}"
EndProject
Project("{9A19103F-16F7-4668-BE54-9A1E7A4F7556}") = "SharpChat", "SharpChat\SharpChat.csproj", "{5B5CC10D-5FC0-430D-B057-221EECF99899}"
EndProject
Project("{FAE04EC0-301F-11D3-BF4B-00C04F79EFBC}") = "SharpChat.Examples.Math", "SharpChat.Examples.Math\SharpChat.Examples.Math.csproj", "{AF23B241-63FA-4991-8D5B-3BCAFFDEE41A}"
EndProject
Project("{2150E333-8FDC-42A3-9474-1A3956D46DE8}") = "Examples", "Examples", "{565054F6-9C35-41E6-AE24-7EA4933D9F20}"
EndProject
Global
	GlobalSection(SolutionConfigurationPlatforms) = preSolution
		Debug|Any CPU = Debug|Any CPU
		Release|Any CPU = Release|Any CPU
	EndGlobalSection
	GlobalSection(ProjectConfigurationPlatforms) = postSolution
		{50F0D404-9C21-4B9A-B173-E3440E364544}.Debug|Any CPU.ActiveCfg = Debug|Any CPU
		{50F0D404-9C21-4B9A-B173-E3440E364544}.Debug|Any CPU.Build.0 = Debug|Any CPU
		{50F0D404-9C21-4B9A-B173-E3440E364544}.Release|Any CPU.ActiveCfg = Release|Any CPU
		{50F0D404-9C21-4B9A-B173-E3440E364544}.Release|Any CPU.Build.0 = Release|Any CPU
		{5B5CC10D-5FC0-430D-B057-221EECF99899}.Debug|Any CPU.ActiveCfg = Debug|Any CPU
		{5B5CC10D-5FC0-430D-B057-221EECF99899}.Debug|Any CPU.Build.0 = Debug|Any CPU
		{5B5CC10D-5FC0-430D-B057-221EECF99899}.Release|Any CPU.ActiveCfg = Release|Any CPU
		{5B5CC10D-5FC0-430D-B057-221EECF99899}.Release|Any CPU.Build.0 = Release|Any CPU
		{AF23B241-63FA-4991-8D5B-3BCAFFDEE41A}.Debug|Any CPU.ActiveCfg = Debug|Any CPU
		{AF23B241-63FA-4991-8D5B-3BCAFFDEE41A}.Debug|Any CPU.Build.0 = Debug|Any CPU
		{AF23B241-63FA-4991-8D5B-3BCAFFDEE41A}.Release|Any CPU.ActiveCfg = Release|Any CPU
		{AF23B241-63FA-4991-8D5B-3BCAFFDEE41A}.Release|Any CPU.Build.0 = Release|Any CPU
	EndGlobalSection
	GlobalSection(SolutionProperties) = preSolution
		HideSolutionNode = FALSE
	EndGlobalSection
	GlobalSection(NestedProjects) = preSolution
		{AF23B241-63FA-4991-8D5B-3BCAFFDEE41A} = {565054F6-9C35-41E6-AE24-7EA4933D9F20}
	EndGlobalSection
	GlobalSection(ExtensibilityGlobals) = postSolution
		SolutionGuid = {9304B805-157A-4476-8A0B-804748F95CD5}
	EndGlobalSection
EndGlobal
